
Microsoft Visual Studio Solution File, Format Version 12.00
# Visual Studio 14
VisualStudioVersion = 14.0.24720.0
MinimumVisualStudioVersion = 10.0.40219.1
Project("{FAE04EC0-301F-11D3-BF4B-00C04F79EFBC}") = "TeleSharp.Generator", "TeleSharp.Generator\TeleSharp.Generator.csproj", "{9BE3B9D4-9FF6-4DC8-B9CC-EB2E3F390129}"
EndProject
Project("{FAE04EC0-301F-11D3-BF4B-00C04F79EFBC}") = "TLSharp.Tests.VS", "TLSharp.Tests.VS\TLSharp.Tests.VS.csproj", "{AFFC3B00-3E4D-4327-8F7A-08EE41E0C8B7}"
EndProject
Project("{FAE04EC0-301F-11D3-BF4B-00C04F79EFBC}") = "TeleSharp.TL", "TeleSharp.TL\TeleSharp.TL.csproj", "{D64CE2CF-6C1A-4EFD-A7D3-D7A342104ADC}"
EndProject
Project("{FAE04EC0-301F-11D3-BF4B-00C04F79EFBC}") = "TLSharp.Core", "TLSharp.Core\TLSharp.Core.csproj", "{08236F75-8CCF-44CC-B022-60380622BBA4}"
EndProject
Project("{FAE04EC0-301F-11D3-BF4B-00C04F79EFBC}") = "TLSharp.Tests", "TLSharp.Tests\TLSharp.Tests.csproj", "{438EA9A2-CC7B-4EFA-BD7D-83BBF717246E}"
EndProject
Project("{FAE04EC0-301F-11D3-BF4B-00C04F79EFBC}") = "TLSharp.Tests.NUnit", "TLSharp.Tests.NUnit\TLSharp.Tests.NUnit.csproj", "{C7B60A37-E17E-4037-9448-9F6DEEA66BA3}"
EndProject
Global
	GlobalSection(SolutionConfigurationPlatforms) = preSolution
		Debug|Any CPU = Debug|Any CPU
		Release|Any CPU = Release|Any CPU
	EndGlobalSection
	GlobalSection(ProjectConfigurationPlatforms) = postSolution
		{9BE3B9D4-9FF6-4DC8-B9CC-EB2E3F390129}.Debug|Any CPU.ActiveCfg = Debug|Any CPU
		{9BE3B9D4-9FF6-4DC8-B9CC-EB2E3F390129}.Debug|Any CPU.Build.0 = Debug|Any CPU
		{9BE3B9D4-9FF6-4DC8-B9CC-EB2E3F390129}.Release|Any CPU.ActiveCfg = Release|Any CPU
		{9BE3B9D4-9FF6-4DC8-B9CC-EB2E3F390129}.Release|Any CPU.Build.0 = Release|Any CPU
		{AFFC3B00-3E4D-4327-8F7A-08EE41E0C8B7}.Debug|Any CPU.ActiveCfg = Debug|Any CPU
		{AFFC3B00-3E4D-4327-8F7A-08EE41E0C8B7}.Debug|Any CPU.Build.0 = Debug|Any CPU
		{AFFC3B00-3E4D-4327-8F7A-08EE41E0C8B7}.Release|Any CPU.ActiveCfg = Release|Any CPU
		{AFFC3B00-3E4D-4327-8F7A-08EE41E0C8B7}.Release|Any CPU.Build.0 = Release|Any CPU
		{D64CE2CF-6C1A-4EFD-A7D3-D7A342104ADC}.Debug|Any CPU.ActiveCfg = Debug|Any CPU
		{D64CE2CF-6C1A-4EFD-A7D3-D7A342104ADC}.Debug|Any CPU.Build.0 = Debug|Any CPU
		{D64CE2CF-6C1A-4EFD-A7D3-D7A342104ADC}.Release|Any CPU.ActiveCfg = Release|Any CPU
		{D64CE2CF-6C1A-4EFD-A7D3-D7A342104ADC}.Release|Any CPU.Build.0 = Release|Any CPU
		{08236F75-8CCF-44CC-B022-60380622BBA4}.Debug|Any CPU.ActiveCfg = Debug|Any CPU
		{08236F75-8CCF-44CC-B022-60380622BBA4}.Debug|Any CPU.Build.0 = Debug|Any CPU
		{08236F75-8CCF-44CC-B022-60380622BBA4}.Release|Any CPU.ActiveCfg = Release|Any CPU
		{08236F75-8CCF-44CC-B022-60380622BBA4}.Release|Any CPU.Build.0 = Release|Any CPU
		{438EA9A2-CC7B-4EFA-BD7D-83BBF717246E}.Debug|Any CPU.ActiveCfg = Debug|Any CPU
		{438EA9A2-CC7B-4EFA-BD7D-83BBF717246E}.Debug|Any CPU.Build.0 = Debug|Any CPU
		{438EA9A2-CC7B-4EFA-BD7D-83BBF717246E}.Release|Any CPU.ActiveCfg = Release|Any CPU
		{438EA9A2-CC7B-4EFA-BD7D-83BBF717246E}.Release|Any CPU.Build.0 = Release|Any CPU
		{C7B60A37-E17E-4037-9448-9F6DEEA66BA3}.Debug|Any CPU.ActiveCfg = Debug|Any CPU
		{C7B60A37-E17E-4037-9448-9F6DEEA66BA3}.Debug|Any CPU.Build.0 = Debug|Any CPU
		{C7B60A37-E17E-4037-9448-9F6DEEA66BA3}.Release|Any CPU.ActiveCfg = Release|Any CPU
		{C7B60A37-E17E-4037-9448-9F6DEEA66BA3}.Release|Any CPU.Build.0 = Release|Any CPU
	EndGlobalSection
	GlobalSection(MonoDevelopProperties) = preSolution
		Policies = $0
		$0.TextStylePolicy = $1
		$1.inheritsSet = VisualStudio
		$1.inheritsScope = text/plain
		$1.scope = text/x-csharp
		$0.CSharpFormattingPolicy = $2
		$2.IndentSwitchBody = True
		$2.IndentBlocksInsideExpressions = True
		$2.AnonymousMethodBraceStyle = NextLine
		$2.PropertyBraceStyle = NextLine
		$2.PropertyGetBraceStyle = NextLine
		$2.PropertySetBraceStyle = NextLine
		$2.EventBraceStyle = NextLine
		$2.EventAddBraceStyle = NextLine
		$2.EventRemoveBraceStyle = NextLine
		$2.StatementBraceStyle = NextLine
		$2.ElseNewLinePlacement = NewLine
		$2.CatchNewLinePlacement = NewLine
		$2.FinallyNewLinePlacement = NewLine
		$2.WhileNewLinePlacement = DoNotCare
		$2.ArrayInitializerWrapping = DoNotChange
		$2.ArrayInitializerBraceStyle = NextLine
		$2.BeforeMethodDeclarationParentheses = False
		$2.BeforeMethodCallParentheses = False
		$2.BeforeConstructorDeclarationParentheses = False
		$2.NewLineBeforeConstructorInitializerColon = NewLine
		$2.NewLineAfterConstructorInitializerColon = SameLine
		$2.BeforeDelegateDeclarationParentheses = False
		$2.NewParentheses = False
		$2.SpacesBeforeBrackets = False
		$2.inheritsSet = Mono
		$2.inheritsScope = text/x-csharp
		$2.scope = text/x-csharp
	EndGlobalSection
	GlobalSection(SolutionProperties) = preSolution
		HideSolutionNode = FALSE
	EndGlobalSection
EndGlobal
